
Microsoft Visual Studio Solution File, Format Version 12.00
# Visual Studio Version 17
VisualStudioVersion = 17.11.35219.272
MinimumVisualStudioVersion = 10.0.40219.1
Project("{FAE04EC0-301F-11D3-BF4B-00C04F79EFBC}") = "DB_Labb2", "DB_Labb2\DB_Labb2.csproj", "{D5B53805-FB6A-4518-924E-59E642D8A616}"
EndProject
Global
	GlobalSection(SolutionConfigurationPlatforms) = preSolution
		Debug|Any CPU = Debug|Any CPU
		Release|Any CPU = Release|Any CPU
	EndGlobalSection
	GlobalSection(ProjectConfigurationPlatforms) = postSolution
		{D5B53805-FB6A-4518-924E-59E642D8A616}.Debug|Any CPU.ActiveCfg = Debug|Any CPU
		{D5B53805-FB6A-4518-924E-59E642D8A616}.Debug|Any CPU.Build.0 = Debug|Any CPU
		{D5B53805-FB6A-4518-924E-59E642D8A616}.Release|Any CPU.ActiveCfg = Release|Any CPU
		{D5B53805-FB6A-4518-924E-59E642D8A616}.Release|Any CPU.Build.0 = Release|Any CPU
	EndGlobalSection
	GlobalSection(SolutionProperties) = preSolution
		HideSolutionNode = FALSE
	EndGlobalSection
	GlobalSection(ExtensibilityGlobals) = postSolution
		SolutionGuid = {3BE12EC4-D75A-4FBC-9A8F-6CA6CE4DBC8F}
	EndGlobalSection
EndGlobal
